
Microsoft Visual Studio Solution File, Format Version 12.00
# Visual Studio Version 17
VisualStudioVersion = 17.14.36915.13 d17.14
MinimumVisualStudioVersion = 10.0.40219.1
Project("{FAE04EC0-301F-11D3-BF4B-00C04F79EFBC}") = "Employee-Leave-Management-System", "Employee-Leave-Management-System\Employee-Leave-Management-System.csproj", "{281BF9DC-8AAD-4B75-B4D7-60858E30F0E6}"
EndProject
Global
	GlobalSection(SolutionConfigurationPlatforms) = preSolution
		Debug|Any CPU = Debug|Any CPU
		Release|Any CPU = Release|Any CPU
	EndGlobalSection
	GlobalSection(ProjectConfigurationPlatforms) = postSolution
		{281BF9DC-8AAD-4B75-B4D7-60858E30F0E6}.Debug|Any CPU.ActiveCfg = Debug|Any CPU
		{281BF9DC-8AAD-4B75-B4D7-60858E30F0E6}.Debug|Any CPU.Build.0 = Debug|Any CPU
		{281BF9DC-8AAD-4B75-B4D7-60858E30F0E6}.Release|Any CPU.ActiveCfg = Release|Any CPU
		{281BF9DC-8AAD-4B75-B4D7-60858E30F0E6}.Release|Any CPU.Build.0 = Release|Any CPU
	EndGlobalSection
	GlobalSection(SolutionProperties) = preSolution
		HideSolutionNode = FALSE
	EndGlobalSection
	GlobalSection(ExtensibilityGlobals) = postSolution
		SolutionGuid = {A4FF6C6C-E9E0-422C-949F-FCF20B510BD8}
	EndGlobalSection
EndGlobal
